version = 1
revision = 3
requires-python = ">=3.10"

[[package]]
name = "cli-helpers"
version = "2.7.0"
source = { registry = "https://pypi.org/simple" }
dependencies = [
    { name = "configobj" },
    { name = "tabulate", extra = ["widechars"] },
]
sdist = { url = "https://files.pythonhosted.org/packages/5a/e6/51b043e8c4ae390af61af35f73a9c2a69a26ea9cf4d061ab45c59f8e20f4/cli_helpers-2.7.0.tar.gz", hash = "sha256:62d11710dbebc2fc460003de1215688325d8636859056d688b38419bd4048bc0", size = 40089, upload-time = "2025-07-28T10:36:18.494Z" }
wheels = [
    { url = "https://files.pythonhosted.org/packages/8c/71/2a516ec309b2cebc09608c38aa3ed5f2684a192e69a146c99f4faae5e640/cli_helpers-2.7.0-py3-none-any.whl", hash = "sha256:f7e163ae17bc11ed7ca92c41bf31b63187ed79c9439fbc9474f6b496e7cb6d07", size = 20804, upload-time = "2025-07-28T10:36:17.231Z" },
]

[[package]]
name = "click"
version = "8.3.1"
source = { registry = "https://pypi.org/simple" }
dependencies = [
    { name = "colorama", marker = "sys_platform == 'win32'" },
]
sdist = { url = "https://files.pythonhosted.org/packages/3d/fa/656b739db8587d7b5dfa22e22ed02566950fbfbcdc20311993483657a5c0/click-8.3.1.tar.gz", hash = "sha256:12ff4785d337a1bb490bb7e9c2b1ee5da3112e94a8622f26a6c77f5d2fc6842a", size = 295065, upload-time = "2025-11-15T20:45:42.706Z" }
wheels = [
    { url = "https://files.pythonhosted.org/packages/98/78/01c019cdb5d6498122777c1a43056ebb3ebfeef2076d9d026bfe15583b2b/click-8.3.1-py3-none-any.whl", hash = "sha256:981153a64e25f12d547d3426c367a4857371575ee7ad18df2a6183ab0545b2a6", size = 108274, upload-time = "2025-11-15T20:45:41.139Z" },
]

[[package]]
name = "colorama"
version = "0.4.6"
source = { registry = "https://pypi.org/simple" }
sdist = { url = "https://files.pythonhosted.org/packages/d8/53/6f443c9a4a8358a93a6792e2acffb9d9d5cb0a5cfd8802644b7b1c9a02e4/colorama-0.4.6.tar.gz", hash = "sha256:08695f5cb7ed6e0531a20572697297273c47b8cae5a63ffc6d6ed5c201be6e44", size = 27697, upload-time = "2022-10-25T02:36:22.414Z" }
wheels = [
    { url = "https://files.pythonhosted.org/packages/d1/d6/3965ed04c63042e047cb6a3e6ed1a63a35087b6a609aa3a15ed8ac56c221/colorama-0.4.6-py2.py3-none-any.whl", hash = "sha256:4f1d9991f5acc0ca119f9d443620b77f9d6b33703e51011c16baf57afb285fc6", size = 25335, upload-time = "2022-10-25T02:36:20.889Z" },
]

[[package]]
name = "configobj"
version = "5.0.9"
source = { registry = "https://pypi.org/simple" }
sdist = { url = "https://files.pythonhosted.org/packages/f5/c4/c7f9e41bc2e5f8eeae4a08a01c91b2aea3dfab40a3e14b25e87e7db8d501/configobj-5.0.9.tar.gz", hash = "sha256:03c881bbf23aa07bccf1b837005975993c4ab4427ba57f959afdd9d1a2386848", size = 101518, upload-time = "2024-09-21T12:47:46.315Z" }
wheels = [
    { url = "https://files.pythonhosted.org/packages/a6/c4/0679472c60052c27efa612b4cd3ddd2a23e885dcdc73461781d2c802d39e/configobj-5.0.9-py2.py3-none-any.whl", hash = "sha256:1ba10c5b6ee16229c79a05047aeda2b55eb4e80d7c7d8ecf17ec1ca600c79882", size = 35615, upload-time = "2024-11-26T14:03:32.972Z" },
]

[[package]]
name = "humanize"
version = "4.15.0"
source = { registry = "https://pypi.org/simple" }
sdist = { url = "https://files.pythonhosted.org/packages/ba/66/a3921783d54be8a6870ac4ccffcd15c4dc0dd7fcce51c6d63b8c63935276/humanize-4.15.0.tar.gz", hash = "sha256:1dd098483eb1c7ee8e32eb2e99ad1910baefa4b75c3aff3a82f4d78688993b10", size = 83599, upload-time = "2025-12-20T20:16:13.19Z" }
wheels = [
    { url = "https://files.pythonhosted.org/packages/c5/7b/bca5613a0c3b542420cf92bd5e5fb8ebd5435ce1011a091f66bb7693285e/humanize-4.15.0-py3-none-any.whl", hash = "sha256:b1186eb9f5a9749cd9cb8565aee77919dd7c8d076161cf44d70e59e3301e1769", size = 132203, upload-time = "2025-12-20T20:16:11.67Z" },
]

[[package]]
name = "mssql-cli"
version = "1.1.0.dev20260118"
source = { editable = "." }
dependencies = [
    { name = "cli-helpers" },
    { name = "click" },
    { name = "configobj" },
    { name = "humanize" },
    { name = "pendulum" },
    { name = "prompt-toolkit" },
    { name = "pygments" },
    { name = "pyodbc" },
    { name = "six" },
    { name = "sqlparse" },
    { name = "tabulate" },
    { name = "terminaltables" },
]

[package.metadata]
requires-dist = [
    { name = "cli-helpers", specifier = ">=2.7.0" },
    { name = "click", specifier = ">=7.0" },
    { name = "configobj" },
    { name = "humanize" },
    { name = "pendulum" },
    { name = "prompt-toolkit", specifier = ">=3.0" },
    { name = "pygments" },
    { name = "pyodbc", specifier = ">=4.0" },
    { name = "six" },
    { name = "sqlparse" },
    { name = "tabulate" },
    { name = "terminaltables" },
]

[[package]]
name = "pendulum"
version = "3.1.0"
source = { registry = "https://pypi.org/simple" }
dependencies = [
    { name = "python-dateutil" },
    { name = "tzdata" },
]
sdist = { url = "https://files.pythonhosted.org/packages/23/7c/009c12b86c7cc6c403aec80f8a4308598dfc5995e5c523a5491faaa3952e/pendulum-3.1.0.tar.gz", hash = "sha256:66f96303560f41d097bee7d2dc98ffca716fbb3a832c4b3062034c2d45865015", size = 85930, upload-time = "2025-04-19T14:30:01.675Z" }
wheels = [
    { url = "https://files.pythonhosted.org/packages/b4/d8/398cd27903a6899d0ae47b896d88e0b15849fc334931a6732e7ce3be9a45/pendulum-3.1.0-cp310-cp310-macosx_10_12_x86_64.whl", hash = "sha256:aa545a59e6517cf43597455a6fb44daa4a6e08473d67a7ad34e4fa951efb9620", size = 338637, upload-time = "2025-04-19T14:00:56.429Z" },
    { url = "https://files.pythonhosted.org/packages/aa/9d/a125554919c6db14e189393254c7781ee98ed5a121b6c05652d353b03c12/pendulum-3.1.0-cp310-cp310-macosx_11_0_arm64.whl", hash = "sha256:299df2da6c490ede86bb8d58c65e33d7a2a42479d21475a54b467b03ccb88531", size = 326003, upload-time = "2025-04-19T14:00:58.192Z" },
    { url = "https://files.pythonhosted.org/packages/53/9f/43a5a902f904e06252c259c2f6cf2dceafbb25aef158df08f79c0089dfd7/pendulum-3.1.0-cp310-cp310-manylinux_2_17_aarch64.manylinux2014_aarch64.whl", hash = "sha256:dbaa66e3ab179a2746eec67462f852a5d555bd709c25030aef38477468dd008e", size = 344335, upload-time = "2025-04-19T14:00:59.985Z" },
    { url = "https://files.pythonhosted.org/packages/ca/24/00fcd6abd1f7623d2bbcca048b45f01aa8bb6b647e0477c3a8ea6094335c/pendulum-3.1.0-cp310-cp310-manylinux_2_17_ppc64le.manylinux2014_ppc64le.whl", hash = "sha256:c3907ab3744c32e339c358d88ec80cd35fa2d4b25c77a3c67e6b39e99b7090c5", size = 382169, upload-time = "2025-04-19T14:01:01.411Z" },
    { url = "https://files.pythonhosted.org/packages/32/bc/20a87f24c26c6c4daf3c69311208b28130b4d19c006da16efc0e55715963/pendulum-3.1.0-cp310-cp310-manylinux_2_17_s390x.manylinux2014_s390x.whl", hash = "sha256:8244958c5bc4ed1c47ee84b098ddd95287a3fc59e569ca6e2b664c6396138ec4", size = 436675, upload-time = "2025-04-19T14:01:03.068Z" },
    { url = "https://files.pythonhosted.org/packages/1d/eb/3b1818a796408a250b8e6cfaa5372b991c0cbec768e02e0f9a226755383d/pendulum-3.1.0-cp310-cp310-manylinux_2_17_x86_64.manylinux2014_x86_64.whl", hash = "sha256:ca5722b3993b85ff7dfced48d86b318f863c359877b6badf1a3601e35199ef8f", size = 353728, upload-time = "2025-04-19T14:01:04.483Z" },
    { url = "https://files.pythonhosted.org/packages/36/23/755ef61f863b2777925171a59509540205b561a9e07ee7de0b5be9226bea/pendulum-3.1.0-cp310-cp310-musllinux_1_1_aarch64.whl", hash = "sha256:5b77a3dc010eea1a4916ef3771163d808bfc3e02b894c37df311287f18e5b764", size = 524465, upload-time = "2025-04-19T14:01:05.865Z" },
    { url = "https://files.pythonhosted.org/packages/07/1f/a3e5f08890d13d93eee725778bfeaa233db5c55463e526857dffbc1a47e4/pendulum-3.1.0-cp310-cp310-musllinux_1_1_x86_64.whl", hash = "sha256:2d6e1eff4a15fdb8fb3867c5469e691c2465eef002a6a541c47b48a390ff4cf4", size = 525690, upload-time = "2025-04-19T14:01:07.707Z" },
    { url = "https://files.pythonhosted.org/packages/43/c5/bf8ce472b81e8f5f074e8ba39899d288acce417c2c4a9ec7486d56970e28/pendulum-3.1.0-cp310-cp310-win_amd64.whl", hash = "sha256:73de43ec85b46ac75db848c8e2f3f5d086e90b11cd9c7f029e14c8d748d920e2", size = 260356, upload-time = "2025-04-19T14:01:09.339Z" },
    { url = "https://files.pythonhosted.org/packages/5e/6e/d28d3c22e6708b819a94c05bd05a3dfaed5c685379e8b6dc4b34b473b942/pendulum-3.1.0-cp311-cp311-macosx_10_12_x86_64.whl", hash = "sha256:61a03d14f8c64d13b2f7d5859e4b4053c4a7d3b02339f6c71f3e4606bfd67423", size = 338596, upload-time = "2025-04-19T14:01:11.306Z" },
    { url = "https://files.pythonhosted.org/packages/e1/e6/43324d58021d463c2eeb6146b169d2c935f2f840f9e45ac2d500453d954c/pendulum-3.1.0-cp311-cp311-macosx_11_0_arm64.whl", hash = "sha256:e674ed2d158afa5c361e60f1f67872dc55b492a10cacdaa7fcd7b7da5f158f24", size = 325854, upload-time = "2025-04-19T14:01:13.156Z" },
    { url = "https://files.pythonhosted.org/packages/b0/a7/d2ae79b960bfdea94dab67e2f118697b08bc9e98eb6bd8d32c4d99240da3/pendulum-3.1.0-cp311-cp311-manylinux_2_17_aarch64.manylinux2014_aarch64.whl", hash = "sha256:7c75377eb16e58bbe7e03ea89eeea49be6fc5de0934a4aef0e263f8b4fa71bc2", size = 344334, upload-time = "2025-04-19T14:01:15.151Z" },
    { url = "https://files.pythonhosted.org/packages/96/94/941f071212e23c29aae7def891fb636930c648386e059ce09ea0dcd43933/pendulum-3.1.0-cp311-cp311-manylinux_2_17_ppc64le.manylinux2014_ppc64le.whl", hash = "sha256:656b8b0ce070f0f2e5e2668247d3c783c55336534aa1f13bd0969535878955e1", size = 382259, upload-time = "2025-04-19T14:01:16.924Z" },
    { url = "https://files.pythonhosted.org/packages/51/ad/a78a701656aec00d16fee636704445c23ca11617a0bfe7c3848d1caa5157/pendulum-3.1.0-cp311-cp311-manylinux_2_17_s390x.manylinux2014_s390x.whl", hash = "sha256:48962903e6c1afe1f13548cb6252666056086c107d59e3d64795c58c9298bc2e", size = 436361, upload-time = "2025-04-19T14:01:18.796Z" },
    { url = "https://files.pythonhosted.org/packages/da/93/83f59ccbf4435c29dca8c63a6560fcbe4783079a468a5f91d9f886fd21f0/pendulum-3.1.0-cp311-cp311-manylinux_2_17_x86_64.manylinux2014_x86_64.whl", hash = "sha256:d364ec3f8e65010fefd4b0aaf7be5eb97e5df761b107a06f5e743b7c3f52c311", size = 353653, upload-time = "2025-04-19T14:01:20.159Z" },
    { url = "https://files.pythonhosted.org/packages/6f/0f/42d6644ec6339b41066f594e52d286162aecd2e9735aaf994d7e00c9e09d/pendulum-3.1.0-cp311-cp311-musllinux_1_1_aarch64.whl", hash = "sha256:dd52caffc2afb86612ec43bbeb226f204ea12ebff9f3d12f900a7d3097210fcc", size = 524567, upload-time = "2025-04-19T14:01:21.457Z" },
    { url = "https://files.pythonhosted.org/packages/de/45/d84d909202755ab9d3379e5481fdf70f53344ebefbd68d6f5803ddde98a6/pendulum-3.1.0-cp311-cp311-musllinux_1_1_x86_64.whl", hash = "sha256:d439fccaa35c91f686bd59d30604dab01e8b5c1d0dd66e81648c432fd3f8a539", size = 525571, upload-time = "2025-04-19T14:01:23.329Z" },
    { url = "https://files.pythonhosted.org/packages/0d/e0/4de160773ce3c2f7843c310db19dd919a0cd02cc1c0384866f63b18a6251/pendulum-3.1.0-cp311-cp311-win_amd64.whl", hash = "sha256:43288773a86d9c5c0ddb645f88f615ff6bd12fd1410b34323662beccb18f3b49", size = 260259, upload-time = "2025-04-19T14:01:24.689Z" },
    { url = "https://files.pythonhosted.org/packages/c1/7f/ffa278f78112c6c6e5130a702042f52aab5c649ae2edf814df07810bbba5/pendulum-3.1.0-cp311-cp311-win_arm64.whl", hash = "sha256:569ea5072ae0f11d625e03b36d865f8037b76e838a3b621f6967314193896a11", size = 253899, upload-time = "2025-04-19T14:01:26.442Z" },
    { url = "https://files.pythonhosted.org/packages/7a/d7/b1bfe15a742f2c2713acb1fdc7dc3594ff46ef9418ac6a96fcb12a6ba60b/pendulum-3.1.0-cp312-cp312-macosx_10_12_x86_64.whl", hash = "sha256:4dfd53e7583ccae138be86d6c0a0b324c7547df2afcec1876943c4d481cf9608", size = 336209, upload-time = "2025-04-19T14:01:27.815Z" },
    { url = "https://files.pythonhosted.org/packages/eb/87/0392da0c603c828b926d9f7097fbdddaafc01388cb8a00888635d04758c3/pendulum-3.1.0-cp312-cp312-macosx_11_0_arm64.whl", hash = "sha256:6a6e06a28f3a7d696546347805536f6f38be458cb79de4f80754430696bea9e6", size = 323130, upload-time = "2025-04-19T14:01:29.336Z" },
    { url = "https://files.pythonhosted.org/packages/c0/61/95f1eec25796be6dddf71440ee16ec1fd0c573fc61a73bd1ef6daacd529a/pendulum-3.1.0-cp312-cp312-manylinux_2_17_aarch64.manylinux2014_aarch64.whl", hash = "sha256:7e68d6a51880708084afd8958af42dc8c5e819a70a6c6ae903b1c4bfc61e0f25", size = 341509, upload-time = "2025-04-19T14:01:31.1Z" },
    { url = "https://files.pythonhosted.org/packages/b5/7b/eb0f5e6aa87d5e1b467a1611009dbdc92f0f72425ebf07669bfadd8885a6/pendulum-3.1.0-cp312-cp312-manylinux_2_17_ppc64le.manylinux2014_ppc64le.whl", hash = "sha256:9e3f1e5da39a7ea7119efda1dd96b529748c1566f8a983412d0908455d606942", size = 378674, upload-time = "2025-04-19T14:01:32.974Z" },
    { url = "https://files.pythonhosted.org/packages/29/68/5a4c1b5de3e54e16cab21d2ec88f9cd3f18599e96cc90a441c0b0ab6b03f/pendulum-3.1.0-cp312-cp312-manylinux_2_17_s390x.manylinux2014_s390x.whl", hash = "sha256:e9af1e5eeddb4ebbe1b1c9afb9fd8077d73416ade42dd61264b3f3b87742e0bb", size = 436133, upload-time = "2025-04-19T14:01:34.349Z" },
    { url = "https://files.pythonhosted.org/packages/87/5d/f7a1d693e5c0f789185117d5c1d5bee104f5b0d9fbf061d715fb61c840a8/pendulum-3.1.0-cp312-cp312-manylinux_2_17_x86_64.manylinux2014_x86_64.whl", hash = "sha256:20f74aa8029a42e327bfc150472e0e4d2358fa5d795f70460160ba81b94b6945", size = 351232, upload-time = "2025-04-19T14:01:35.669Z" },
    { url = "https://files.pythonhosted.org/packages/30/77/c97617eb31f1d0554edb073201a294019b9e0a9bd2f73c68e6d8d048cd6b/pendulum-3.1.0-cp312-cp312-musllinux_1_1_aarch64.whl", hash = "sha256:cf6229e5ee70c2660148523f46c472e677654d0097bec010d6730f08312a4931", size = 521562, upload-time = "2025-04-19T14:01:37.05Z" },
    { url = "https://files.pythonhosted.org/packages/76/22/0d0ef3393303877e757b848ecef8a9a8c7627e17e7590af82d14633b2cd1/pendulum-3.1.0-cp312-cp312-musllinux_1_1_x86_64.whl", hash = "sha256:350cabb23bf1aec7c7694b915d3030bff53a2ad4aeabc8c8c0d807c8194113d6", size = 523221, upload-time = "2025-04-19T14:01:38.444Z" },
    { url = "https://files.pythonhosted.org/packages/99/f3/aefb579aa3cebd6f2866b205fc7a60d33e9a696e9e629024752107dc3cf5/pendulum-3.1.0-cp312-cp312-win_amd64.whl", hash = "sha256:42959341e843077c41d47420f28c3631de054abd64da83f9b956519b5c7a06a7", size = 260502, upload-time = "2025-04-19T14:01:39.814Z" },
    { url = "https://files.pythonhosted.org/packages/02/74/4332b5d6e34c63d4df8e8eab2249e74c05513b1477757463f7fdca99e9be/pendulum-3.1.0-cp312-cp312-win_arm64.whl", hash = "sha256:006758e2125da2e624493324dfd5d7d1b02b0c44bc39358e18bf0f66d0767f5f", size = 253089, upload-time = "2025-04-19T14:01:41.171Z" },
    { url = "https://files.pythonhosted.org/packages/8e/1f/af928ba4aa403dac9569f787adcf024005e7654433d71f7a84e608716837/pendulum-3.1.0-cp313-cp313-macosx_10_12_x86_64.whl", hash = "sha256:28658b0baf4b30eb31d096a375983cfed033e60c0a7bbe94fa23f06cd779b50b", size = 336209, upload-time = "2025-04-19T14:01:42.775Z" },
    { url = "https://files.pythonhosted.org/packages/b6/16/b010643007ba964c397da7fa622924423883c1bbff1a53f9d1022cd7f024/pendulum-3.1.0-cp313-cp313-macosx_11_0_arm64.whl", hash = "sha256:b114dcb99ce511cb8f5495c7b6f0056b2c3dba444ef1ea6e48030d7371bd531a", size = 323132, upload-time = "2025-04-19T14:01:44.577Z" },
    { url = "https://files.pythonhosted.org/packages/64/19/c3c47aeecb5d9bceb0e89faafd800d39809b696c5b7bba8ec8370ad5052c/pendulum-3.1.0-cp313-cp313-manylinux_2_17_aarch64.manylinux2014_aarch64.whl", hash = "sha256:2404a6a54c80252ea393291f0b7f35525a61abae3d795407f34e118a8f133a18", size = 341509, upload-time = "2025-04-19T14:01:46.084Z" },
    { url = "https://files.pythonhosted.org/packages/38/cf/c06921ff6b860ff7e62e70b8e5d4dc70e36f5abb66d168bd64d51760bc4e/pendulum-3.1.0-cp313-cp313-manylinux_2_17_ppc64le.manylinux2014_ppc64le.whl", hash = "sha256:d06999790d9ee9962a1627e469f98568bf7ad1085553fa3c30ed08b3944a14d7", size = 378674, upload-time = "2025-04-19T14:01:47.727Z" },
    { url = "https://files.pythonhosted.org/packages/62/0b/a43953b9eba11e82612b033ac5133f716f1b76b6108a65da6f408b3cc016/pendulum-3.1.0-cp313-cp313-manylinux_2_17_s390x.manylinux2014_s390x.whl", hash = "sha256:94751c52f6b7c306734d1044c2c6067a474237e1e5afa2f665d1fbcbbbcf24b3", size = 436133, upload-time = "2025-04-19T14:01:49.126Z" },
    { url = "https://files.pythonhosted.org/packages/eb/a0/ec3d70b3b96e23ae1d039f132af35e17704c22a8250d1887aaefea4d78a6/pendulum-3.1.0-cp313-cp313-manylinux_2_17_x86_64.manylinux2014_x86_64.whl", hash = "sha256:5553ac27be05e997ec26d7f004cf72788f4ce11fe60bb80dda604a64055b29d0", size = 351232, upload-time = "2025-04-19T14:01:50.575Z" },
    { url = "https://files.pythonhosted.org/packages/f4/97/aba23f1716b82f6951ba2b1c9178a2d107d1e66c102762a9bf19988547ea/pendulum-3.1.0-cp313-cp313-musllinux_1_1_aarch64.whl", hash = "sha256:f8dee234ca6142bf0514368d01a72945a44685aaa2fc4c14c98d09da9437b620", size = 521563, upload-time = "2025-04-19T14:01:51.9Z" },
    { url = "https://files.pythonhosted.org/packages/01/33/2c0d5216cc53d16db0c4b3d510f141ee0a540937f8675948541190fbd48b/pendulum-3.1.0-cp313-cp313-musllinux_1_1_x86_64.whl", hash = "sha256:7378084fe54faab4ee481897a00b710876f2e901ded6221671e827a253e643f2", size = 523221, upload-time = "2025-04-19T14:01:53.275Z" },
    { url = "https://files.pythonhosted.org/packages/51/89/8de955c339c31aeae77fd86d3225509b998c81875e9dba28cb88b8cbf4b3/pendulum-3.1.0-cp313-cp313-win_amd64.whl", hash = "sha256:8539db7ae2c8da430ac2515079e288948c8ebf7eb1edd3e8281b5cdf433040d6", size = 260501, upload-time = "2025-04-19T14:01:54.749Z" },
    { url = "https://files.pythonhosted.org/packages/15/c3/226a3837363e94f8722461848feec18bfdd7d5172564d53aa3c3397ff01e/pendulum-3.1.0-cp313-cp313-win_arm64.whl", hash = "sha256:1ce26a608e1f7387cd393fba2a129507c4900958d4f47b90757ec17656856571", size = 253087, upload-time = "2025-04-19T14:01:55.998Z" },
    { url = "https://files.pythonhosted.org/packages/66/10/3258c084653606d2be2c7168998eda4a57cf1559cecb43cf1100000fda5f/pendulum-3.1.0-pp310-pypy310_pp73-macosx_10_12_x86_64.whl", hash = "sha256:d2cac744940299d8da41a3ed941aa1e02b5abbc9ae2c525f3aa2ae30c28a86b5", size = 339442, upload-time = "2025-04-19T14:02:12.512Z" },
    { url = "https://files.pythonhosted.org/packages/98/d5/98a1a10cd1cfb3390fbf070864e9a10de8e70a9d4509832132f4d900d655/pendulum-3.1.0-pp310-pypy310_pp73-macosx_11_0_arm64.whl", hash = "sha256:ffb39c3f3906a9c9a108fa98e5556f18b52d2c6451984bbfe2f14436ec4fc9d4", size = 326609, upload-time = "2025-04-19T14:02:13.838Z" },
    { url = "https://files.pythonhosted.org/packages/0a/2e/448abdebc11b9c54e190d273cb084162643199fc184cb1bb6bff7900e67f/pendulum-3.1.0-pp310-pypy310_pp73-manylinux_2_17_aarch64.manylinux2014_aarch64.whl", hash = "sha256:ebe18b1c2eb364064cc4a68a65900f1465cac47d0891dab82341766bcc05b40c", size = 344777, upload-time = "2025-04-19T14:02:15.512Z" },
    { url = "https://files.pythonhosted.org/packages/ed/91/ee857bbd51168bf08b89c3a4705c920725eee0f830ccc513b8370f6ce71d/pendulum-3.1.0-pp310-pypy310_pp73-manylinux_2_17_x86_64.manylinux2014_x86_64.whl", hash = "sha256:a9e9b28a35cec9fcd90f224b4878456129a057dbd694fc8266a9393834804995", size = 354404, upload-time = "2025-04-19T14:02:16.91Z" },
    { url = "https://files.pythonhosted.org/packages/bc/d4/e63a57df65e2b2d10f3aa917a4069be9abf5ac7d56d11336e0510742d8a6/pendulum-3.1.0-pp310-pypy310_pp73-musllinux_1_1_aarch64.whl", hash = "sha256:a3be19b73a9c6a866724419295482f817727e635ccc82f07ae6f818943a1ee96", size = 524948, upload-time = "2025-04-19T14:02:18.808Z" },
    { url = "https://files.pythonhosted.org/packages/93/87/04e74600c5a5674e5f341b8888b530a9de9b84b31889f80fac3bee3e9e87/pendulum-3.1.0-pp310-pypy310_pp73-musllinux_1_1_x86_64.whl", hash = "sha256:24a53b523819bda4c70245687a589b5ea88711f7caac4be5f276d843fe63076b", size = 526340, upload-time = "2025-04-19T14:02:20.242Z" },
    { url = "https://files.pythonhosted.org/packages/48/27/d3577a5f6f7d1fbf1138d87ce21ebab363c78642513b991d1c424d658d09/pendulum-3.1.0-pp310-pypy310_pp73-win_amd64.whl", hash = "sha256:bd701789414fbd0be3c75f46803f31e91140c23821e4bcb0fa2bddcdd051c425", size = 261089, upload-time = "2025-04-19T14:02:21.631Z" },
    { url = "https://files.pythonhosted.org/packages/6e/23/e98758924d1b3aac11a626268eabf7f3cf177e7837c28d47bf84c64532d0/pendulum-3.1.0-py3-none-any.whl", hash = "sha256:f9178c2a8e291758ade1e8dd6371b1d26d08371b4c7730a6e9a3ef8b16ebae0f", size = 111799, upload-time = "2025-04-19T14:02:34.739Z" },
]

[[package]]
name = "prompt-toolkit"
version = "3.0.52"
source = { registry = "https://pypi.org/simple" }
dependencies = [
    { name = "wcwidth" },
]
sdist = { url = "https://files.pythonhosted.org/packages/a1/96/06e01a7b38dce6fe1db213e061a4602dd6032a8a97ef6c1a862537732421/prompt_toolkit-3.0.52.tar.gz", hash = "sha256:28cde192929c8e7321de85de1ddbe736f1375148b02f2e17edd840042b1be855", size = 434198, upload-time = "2025-08-27T15:24:02.057Z" }
wheels = [
    { url = "https://files.pythonhosted.org/packages/84/03/0d3ce49e2505ae70cf43bc5bb3033955d2fc9f932163e84dc0779cc47f48/prompt_toolkit-3.0.52-py3-none-any.whl", hash = "sha256:9aac639a3bbd33284347de5ad8d68ecc044b91a762dc39b7c21095fcd6a19955", size = 391431, upload-time = "2025-08-27T15:23:59.498Z" },
]

[[package]]
name = "pygments"
version = "2.19.2"
source = { registry = "https://pypi.org/simple" }
sdist = { url = "https://files.pythonhosted.org/packages/b0/77/a5b8c569bf593b0140bde72ea885a803b82086995367bf2037de0159d924/pygments-2.19.2.tar.gz", hash = "sha256:636cb2477cec7f8952536970bc533bc43743542f70392ae026374600add5b887", size = 4968631, upload-time = "2025-06-21T13:39:12.283Z" }
wheels = [
    { url = "https://files.pythonhosted.org/packages/c7/21/705964c7812476f378728bdf590ca4b771ec72385c533964653c68e86bdc/pygments-2.19.2-py3-none-any.whl", hash = "sha256:86540386c03d588bb81d44bc3928634ff26449851e99741617ecb9037ee5ec0b", size = 1225217, upload-time = "2025-06-21T13:39:07.939Z" },
]

[[package]]
name = "pyodbc"
version = "5.3.0"
source = { registry = "https://pypi.org/simple" }
sdist = { url = "https://files.pythonhosted.org/packages/8f/85/44b10070a769a56bd910009bb185c0c0a82daff8d567cd1a116d7d730c7d/pyodbc-5.3.0.tar.gz", hash = "sha256:2fe0e063d8fb66efd0ac6dc39236c4de1a45f17c33eaded0d553d21c199f4d05", size = 121770, upload-time = "2025-10-17T18:04:09.43Z" }
wheels = [
    { url = "https://files.pythonhosted.org/packages/be/cd/d0ac9e8963cf43f3c0e8ebd284cd9c5d0e17457be76c35abe4998b7b6df2/pyodbc-5.3.0-cp310-cp310-macosx_10_9_x86_64.whl", hash = "sha256:6682cdec78f1302d0c559422c8e00991668e039ed63dece8bf99ef62173376a5", size = 71888, upload-time = "2025-10-17T18:02:58.285Z" },
    { url = "https://files.pythonhosted.org/packages/cb/7b/95ea2795ea8a0db60414e14f117869a5ba44bd52387886c1a210da637315/pyodbc-5.3.0-cp310-cp310-macosx_11_0_arm64.whl", hash = "sha256:9cd3f0a9796b3e1170a9fa168c7e7ca81879142f30e20f46663b882db139b7d2", size = 71813, upload-time = "2025-10-17T18:02:59.722Z" },
    { url = "https://files.pythonhosted.org/packages/95/c9/6f4644b60af513ea1c9cab1ff4af633e8f300e8468f4ae3507f04524e641/pyodbc-5.3.0-cp310-cp310-manylinux2014_aarch64.manylinux_2_17_aarch64.manylinux_2_28_aarch64.whl", hash = "sha256:46185a1a7f409761716c71de7b95e7bbb004390c650d00b0b170193e3d6224bb", size = 318556, upload-time = "2025-10-17T18:03:01.129Z" },
    { url = "https://files.pythonhosted.org/packages/19/3f/24876d9cb9c6ce1bd2b6f43f69ebc00b8eb47bf1ed99ee95e340bf90ed79/pyodbc-5.3.0-cp310-cp310-manylinux2014_x86_64.manylinux_2_17_x86_64.manylinux_2_28_x86_64.whl", hash = "sha256:349a9abae62a968b98f6bbd23d2825151f8d9de50b3a8f5f3271b48958fdb672", size = 322048, upload-time = "2025-10-17T18:03:02.522Z" },
    { url = "https://files.pythonhosted.org/packages/1f/27/faf17353605ac60f80136bc3172ed2d69d7defcb9733166293fc14ac2c52/pyodbc-5.3.0-cp310-cp310-musllinux_1_2_aarch64.whl", hash = "sha256:ac23feb7ddaa729f6b840639e92f83ff0ccaa7072801d944f1332cd5f5b05f47", size = 1286123, upload-time = "2025-10-17T18:03:04.157Z" },
    { url = "https://files.pythonhosted.org/packages/d4/61/c9d407d2aa3e89f9bb68acf6917b0045a788ae8c3f4045c34759cb77af63/pyodbc-5.3.0-cp310-cp310-musllinux_1_2_x86_64.whl", hash = "sha256:8aa396c6d6af52ccd51b8c8a5bffbb46fd44e52ce07ea4272c1d28e5e5b12722", size = 1343502, upload-time = "2025-10-17T18:03:05.485Z" },
    { url = "https://files.pythonhosted.org/packages/d9/9f/f1b0f3238d873d4930aa2a2b8d5ba97132f6416764bf0c87368f8d6f2139/pyodbc-5.3.0-cp310-cp310-win32.whl", hash = "sha256:46869b9a6555ff003ed1d8ebad6708423adf2a5c88e1a578b9f029fb1435186e", size = 62968, upload-time = "2025-10-17T18:03:06.933Z" },
    { url = "https://files.pythonhosted.org/packages/d8/26/5f8ebdca4735aad0119aaaa6d5d73b379901b7a1dbb643aaa636040b27cf/pyodbc-5.3.0-cp310-cp310-win_amd64.whl", hash = "sha256:705903acf6f43c44fc64e764578d9a88649eb21bf7418d78677a9d2e337f56f2", size = 69397, upload-time = "2025-10-17T18:03:08.49Z" },
    { url = "https://files.pythonhosted.org/packages/d1/c8/480a942fd2e87dd7df6d3c1f429df075695ed8ae34d187fe95c64219fd49/pyodbc-5.3.0-cp310-cp310-win_arm64.whl", hash = "sha256:c68d9c225a97aedafb7fff1c0e1bfe293093f77da19eaf200d0e988fa2718d16", size = 64446, upload-time = "2025-10-17T18:03:09.333Z" },
    { url = "https://files.pythonhosted.org/packages/e0/c7/534986d97a26cb8f40ef456dfcf00d8483161eade6d53fa45fcf2d5c2b87/pyodbc-5.3.0-cp311-cp311-macosx_10_9_x86_64.whl", hash = "sha256:ebc3be93f61ea0553db88589e683ace12bf975baa954af4834ab89f5ee7bf8ae", size = 71958, upload-time = "2025-10-17T18:03:10.163Z" },
    { url = "https://files.pythonhosted.org/packages/69/3c/6fe3e9eae6db1c34d6616a452f9b954b0d5516c430f3dd959c9d8d725f2a/pyodbc-5.3.0-cp311-cp311-macosx_11_0_arm64.whl", hash = "sha256:9b987a25a384f31e373903005554230f5a6d59af78bce62954386736a902a4b3", size = 71843, upload-time = "2025-10-17T18:03:11.058Z" },
    { url = "https://files.pythonhosted.org/packages/44/0e/81a0315d0bf7e57be24338dbed616f806131ab706d87c70f363506dc13d5/pyodbc-5.3.0-cp311-cp311-manylinux2014_aarch64.manylinux_2_17_aarch64.manylinux_2_28_aarch64.whl", hash = "sha256:676031723aac7dcbbd2813bddda0e8abf171b20ec218ab8dfb21d64a193430ea", size = 327191, upload-time = "2025-10-17T18:03:11.93Z" },
    { url = "https://files.pythonhosted.org/packages/43/ae/b95bb2068f911950322a97172c68675c85a3e87dc04a98448c339fcbef21/pyodbc-5.3.0-cp311-cp311-manylinux2014_x86_64.manylinux_2_17_x86_64.manylinux_2_28_x86_64.whl", hash = "sha256:c5c30c5cd40b751f77bbc73edd32c4498630939bcd4e72ee7e6c9a4b982cc5ca", size = 332228, upload-time = "2025-10-17T18:03:13.096Z" },
    { url = "https://files.pythonhosted.org/packages/dc/21/2433625f7d5922ee9a34e3805805fa0f1355d01d55206c337bb23ec869bf/pyodbc-5.3.0-cp311-cp311-musllinux_1_2_aarch64.whl", hash = "sha256:2035c7dfb71677cd5be64d3a3eb0779560279f0a8dc6e33673499498caa88937", size = 1296469, upload-time = "2025-10-17T18:03:14.61Z" },
    { url = "https://files.pythonhosted.org/packages/3a/f4/c760caf7bb9b3ab988975d84bd3e7ebda739fe0075c82f476d04ee97324c/pyodbc-5.3.0-cp311-cp311-musllinux_1_2_x86_64.whl", hash = "sha256:5cbe4d753723c8a8f65020b7a259183ef5f14307587165ce37e8c7e251951852", size = 1353163, upload-time = "2025-10-17T18:03:16.272Z" },
    { url = "https://files.pythonhosted.org/packages/14/ad/f9ca1e9e44fd91058f6e35b233b1bb6213d590185bfcc2a2c4f1033266e7/pyodbc-5.3.0-cp311-cp311-win32.whl", hash = "sha256:d255f6b117d05cfc046a5201fdf39535264045352ea536c35777cf66d321fbb8", size = 62925, upload-time = "2025-10-17T18:03:17.649Z" },
    { url = "https://files.pythonhosted.org/packages/e6/cf/52b9b94efd8cfd11890ae04f31f50561710128d735e4e38a8fbb964cd2c2/pyodbc-5.3.0-cp311-cp311-win_amd64.whl", hash = "sha256:f1ad0e93612a6201621853fc661209d82ff2a35892b7d590106fe8f97d9f1f2a", size = 69329, upload-time = "2025-10-17T18:03:18.474Z" },
    { url = "https://files.pythonhosted.org/packages/8b/6f/bf5433bb345007f93003fa062e045890afb42e4e9fc6bd66acc2c3bd12ca/pyodbc-5.3.0-cp311-cp311-win_arm64.whl", hash = "sha256:0df7ff47fab91ea05548095b00e5eb87ed88ddf4648c58c67b4db95ea4913e23", size = 64447, upload-time = "2025-10-17T18:03:19.691Z" },
    { url = "https://files.pythonhosted.org/packages/f5/0c/7ecf8077f4b932a5d25896699ff5c394ffc2a880a9c2c284d6a3e6ea5949/pyodbc-5.3.0-cp312-cp312-macosx_10_13_x86_64.whl", hash = "sha256:5ebf6b5d989395efe722b02b010cb9815698a4d681921bf5db1c0e1195ac1bde", size = 72994, upload-time = "2025-10-17T18:03:20.551Z" },
    { url = "https://files.pythonhosted.org/packages/03/78/9fbde156055d88c1ef3487534281a5b1479ee7a2f958a7e90714968749ac/pyodbc-5.3.0-cp312-cp312-macosx_11_0_arm64.whl", hash = "sha256:197bb6ddafe356a916b8ee1b8752009057fce58e216e887e2174b24c7ab99269", size = 72535, upload-time = "2025-10-17T18:03:21.423Z" },
    { url = "https://files.pythonhosted.org/packages/9f/f9/8c106dcd6946e95fee0da0f1ba58cd90eb872eebe8968996a2ea1f7ac3c1/pyodbc-5.3.0-cp312-cp312-manylinux2014_aarch64.manylinux_2_17_aarch64.manylinux_2_28_aarch64.whl", hash = "sha256:c6ccb5315ec9e081f5cbd66f36acbc820ad172b8fa3736cf7f993cdf69bd8a96", size = 333565, upload-time = "2025-10-17T18:03:22.695Z" },
    { url = "https://files.pythonhosted.org/packages/4b/30/2c70f47a76a4fafa308d148f786aeb35a4d67a01d41002f1065b465d9994/pyodbc-5.3.0-cp312-cp312-manylinux2014_x86_64.manylinux_2_17_x86_64.manylinux_2_28_x86_64.whl", hash = "sha256:5dd3d5e469f89a3112cf8b0658c43108a4712fad65e576071e4dd44d2bd763c7", size = 340283, upload-time = "2025-10-17T18:03:23.691Z" },
    { url = "https://files.pythonhosted.org/packages/7d/b2/0631d84731606bfe40d3b03a436b80cbd16b63b022c7b13444fb30761ca8/pyodbc-5.3.0-cp312-cp312-musllinux_1_2_aarch64.whl", hash = "sha256:b180bc5e49b74fd40a24ef5b0fe143d0c234ac1506febe810d7434bf47cb925b", size = 1302767, upload-time = "2025-10-17T18:03:25.311Z" },
    { url = "https://files.pythonhosted.org/packages/74/b9/707c5314cca9401081b3757301241c167a94ba91b4bd55c8fa591bf35a4a/pyodbc-5.3.0-cp312-cp312-musllinux_1_2_x86_64.whl", hash = "sha256:e3c39de3005fff3ae79246f952720d44affc6756b4b85398da4c5ea76bf8f506", size = 1361251, upload-time = "2025-10-17T18:03:26.538Z" },
    { url = "https://files.pythonhosted.org/packages/97/7c/893036c8b0c8d359082a56efdaa64358a38dda993124162c3faa35d1924d/pyodbc-5.3.0-cp312-cp312-win32.whl", hash = "sha256:d32c3259762bef440707098010035bbc83d1c73d81a434018ab8c688158bd3bb", size = 63413, upload-time = "2025-10-17T18:03:27.903Z" },
    { url = "https://files.pythonhosted.org/packages/c0/70/5e61b216cc13c7f833ef87f4cdeab253a7873f8709253f5076e9bb16c1b3/pyodbc-5.3.0-cp312-cp312-win_amd64.whl", hash = "sha256:fe77eb9dcca5fc1300c9121f81040cc9011d28cff383e2c35416e9ec06d4bc95", size = 70133, upload-time = "2025-10-17T18:03:28.746Z" },
    { url = "https://files.pythonhosted.org/packages/aa/85/e7d0629c9714a85eb4f85d21602ce6d8a1ec0f313fde8017990cf913e3b4/pyodbc-5.3.0-cp312-cp312-win_arm64.whl", hash = "sha256:afe7c4ac555a8d10a36234788fc6cfc22a86ce37fc5ba88a1f75b3e6696665dc", size = 64700, upload-time = "2025-10-17T18:03:29.638Z" },
    { url = "https://files.pythonhosted.org/packages/0c/1d/9e74cbcc1d4878553eadfd59138364b38656369eb58f7e5b42fb344c0ce7/pyodbc-5.3.0-cp313-cp313-macosx_10_13_x86_64.whl", hash = "sha256:7e9ab0b91de28a5ab838ac4db0253d7cc8ce2452efe4ad92ee6a57b922bf0c24", size = 72975, upload-time = "2025-10-17T18:03:30.466Z" },
    { url = "https://files.pythonhosted.org/packages/37/c7/27d83f91b3144d3e275b5b387f0564b161ddbc4ce1b72bb3b3653e7f4f7a/pyodbc-5.3.0-cp313-cp313-macosx_11_0_arm64.whl", hash = "sha256:6132554ffbd7910524d643f13ce17f4a72f3a6824b0adef4e9a7f66efac96350", size = 72541, upload-time = "2025-10-17T18:03:31.348Z" },
    { url = "https://files.pythonhosted.org/packages/1b/33/2bb24e7fc95e98a7b11ea5ad1f256412de35d2e9cc339be198258c1d9a76/pyodbc-5.3.0-cp313-cp313-manylinux2014_aarch64.manylinux_2_17_aarch64.manylinux_2_28_aarch64.whl", hash = "sha256:1629af4706e9228d79dabb4863c11cceb22a6dab90700db0ef449074f0150c0d", size = 343287, upload-time = "2025-10-17T18:03:32.287Z" },
    { url = "https://files.pythonhosted.org/packages/fa/24/88cde8b6dc07a93a92b6c15520a947db24f55db7bd8b09e85956642b7cf3/pyodbc-5.3.0-cp313-cp313-manylinux2014_x86_64.manylinux_2_17_x86_64.manylinux_2_28_x86_64.whl", hash = "sha256:5ceaed87ba2ea848c11223f66f629ef121f6ebe621f605cde9cfdee4fd9f4b68", size = 350094, upload-time = "2025-10-17T18:03:33.336Z" },
    { url = "https://files.pythonhosted.org/packages/c2/99/53c08562bc171a618fa1699297164f8885e66cde38c3b30f454730d0c488/pyodbc-5.3.0-cp313-cp313-musllinux_1_2_aarch64.whl", hash = "sha256:3cc472c8ae2feea5b4512e23b56e2b093d64f7cbc4b970af51da488429ff7818", size = 1301029, upload-time = "2025-10-17T18:03:34.561Z" },
    { url = "https://files.pythonhosted.org/packages/d8/10/68a0b5549876d4b53ba4c46eed2a7aca32d589624ed60beef5bd7382619e/pyodbc-5.3.0-cp313-cp313-musllinux_1_2_x86_64.whl", hash = "sha256:c79df54bbc25bce9f2d87094e7b39089c28428df5443d1902b0cc5f43fd2da6f", size = 1361420, upload-time = "2025-10-17T18:03:35.958Z" },
    { url = "https://files.pythonhosted.org/packages/41/0f/9dfe4987283ffcb981c49a002f0339d669215eb4a3fe4ee4e14537c52852/pyodbc-5.3.0-cp313-cp313-win32.whl", hash = "sha256:c2eb0b08e24fe5c40c7ebe9240c5d3bd2f18cd5617229acee4b0a0484dc226f2", size = 63399, upload-time = "2025-10-17T18:03:36.931Z" },
    { url = "https://files.pythonhosted.org/packages/56/03/15dcefe549d3888b649652af7cca36eda97c12b6196d92937ca6d11306e9/pyodbc-5.3.0-cp313-cp313-win_amd64.whl", hash = "sha256:01166162149adf2b8a6dc21a212718f205cabbbdff4047dc0c415af3fd85867e", size = 70133, upload-time = "2025-10-17T18:03:38.47Z" },
    { url = "https://files.pythonhosted.org/packages/c4/c1/c8b128ae59a14ecc8510e9b499208e342795aecc3af4c3874805c720b8db/pyodbc-5.3.0-cp313-cp313-win_arm64.whl", hash = "sha256:363311bd40320b4a61454bebf7c38b243cd67c762ed0f8a5219de3ec90c96353", size = 64683, upload-time = "2025-10-17T18:03:39.68Z" },
    { url = "https://files.pythonhosted.org/packages/ab/f2/c26d82a7ce1e90b8bbb8731d3d53de73814e2f6606b9db9d978303aa8d5f/pyodbc-5.3.0-cp314-cp314-macosx_10_15_x86_64.whl", hash = "sha256:3f1bdb3ce6480a17afaaef4b5242b356d4997a872f39e96f015cabef00613797", size = 73513, upload-time = "2025-10-17T18:03:40.536Z" },
    { url = "https://files.pythonhosted.org/packages/82/d5/1ab1b7c4708cbd701990a8f7183c5bb5e0712d5e8479b919934e46dadab4/pyodbc-5.3.0-cp314-cp314-macosx_11_0_arm64.whl", hash = "sha256:7713c740a10f33df3cb08f49a023b7e1e25de0c7c99650876bbe717bc95ee780", size = 72631, upload-time = "2025-10-17T18:03:41.713Z" },
    { url = "https://files.pythonhosted.org/packages/b1/f1/7e3831eeac2b09b31a77e6b3495491ce162035ff2903d7261b49d35aa3c2/pyodbc-5.3.0-cp314-cp314-manylinux2014_aarch64.manylinux_2_17_aarch64.manylinux_2_28_aarch64.whl", hash = "sha256:cf18797a12e70474e1b7f5027deeeccea816372497e3ff2d46b15bec2d18a0cc", size = 344580, upload-time = "2025-10-17T18:03:42.67Z" },
    { url = "https://files.pythonhosted.org/packages/a2/a6/71d26d626a3c45951620b7ff356ec920e420f0e09b0a924123682aa5e4ab/pyodbc-5.3.0-cp314-cp314-manylinux2014_x86_64.manylinux_2_17_x86_64.manylinux_2_28_x86_64.whl", hash = "sha256:08b2439500e212625471d32f8fde418075a5ddec556e095e5a4ba56d61df2dc6", size = 350224, upload-time = "2025-10-17T18:03:43.731Z" },
    { url = "https://files.pythonhosted.org/packages/93/14/f702c5e8c2d595776266934498505f11b7f1545baf21ffec1d32c258e9d3/pyodbc-5.3.0-cp314-cp314-musllinux_1_2_aarch64.whl", hash = "sha256:729c535341bb09c476f219d6f7ab194bcb683c4a0a368010f1cb821a35136f05", size = 1301503, upload-time = "2025-10-17T18:03:45.013Z" },
    { url = "https://files.pythonhosted.org/packages/d9/b2/ad92ebdd1b5c7fec36b065e586d1d34b57881e17ba5beec5c705f1031058/pyodbc-5.3.0-cp314-cp314-musllinux_1_2_x86_64.whl", hash = "sha256:c67e7f2ce649155ea89beb54d3b42d83770488f025cf3b6f39ca82e9c598a02e", size = 1361050, upload-time = "2025-10-17T18:03:46.298Z" },
    { url = "https://files.pythonhosted.org/packages/19/40/dc84e232da07056cb5aaaf5f759ba4c874bc12f37569f7f1670fc71e7ae1/pyodbc-5.3.0-cp314-cp314-win32.whl", hash = "sha256:a48d731432abaee5256ed6a19a3e1528b8881f9cb25cb9cf72d8318146ea991b", size = 65670, upload-time = "2025-10-17T18:03:56.414Z" },
    { url = "https://files.pythonhosted.org/packages/b8/79/c48be07e8634f764662d7a279ac204f93d64172162dbf90f215e2398b0bd/pyodbc-5.3.0-cp314-cp314-win_amd64.whl", hash = "sha256:58635a1cc859d5af3f878c85910e5d7228fe5c406d4571bffcdd281375a54b39", size = 72177, upload-time = "2025-10-17T18:03:57.296Z" },
    { url = "https://files.pythonhosted.org/packages/fc/79/e304574446b2263f428ce14df590ba52c2e0e0205e8d34b235b582b7d57e/pyodbc-5.3.0-cp314-cp314-win_arm64.whl", hash = "sha256:754d052030d00c3ac38da09ceb9f3e240e8dd1c11da8906f482d5419c65b9ef5", size = 66668, upload-time = "2025-10-17T18:03:58.174Z" },
    { url = "https://files.pythonhosted.org/packages/43/17/f4eabf443b838a2728773554017d08eee3aca353102934a7e3ba96fb0e31/pyodbc-5.3.0-cp314-cp314t-macosx_10_15_x86_64.whl", hash = "sha256:f927b440c38ade1668f0da64047ffd20ec34e32d817f9a60d07553301324b364", size = 75780, upload-time = "2025-10-17T18:03:47.273Z" },
    { url = "https://files.pythonhosted.org/packages/59/ea/e79e168c3d38c27d59d5d96273fd9e3c3ba55937cc944c4e60618f51de90/pyodbc-5.3.0-cp314-cp314t-macosx_11_0_arm64.whl", hash = "sha256:25c4cfb2c08e77bc6e82f666d7acd52f0e52a0401b1876e60f03c73c3b8aedc0", size = 75503, upload-time = "2025-10-17T18:03:48.171Z" },
    { url = "https://files.pythonhosted.org/packages/90/81/d1d7c125ec4a20e83fdc28e119b8321192b2bd694f432cf63e1199b2b929/pyodbc-5.3.0-cp314-cp314t-manylinux2014_aarch64.manylinux_2_17_aarch64.manylinux_2_28_aarch64.whl", hash = "sha256:bc834567c2990584b9726cba365834d039380c9dbbcef3030ddeb00c6541b943", size = 398356, upload-time = "2025-10-17T18:03:49.131Z" },
    { url = "https://files.pythonhosted.org/packages/5e/fc/f6be4b3cc3910f8c2aba37aa41671121fd6f37b402ae0fefe53a70ac7cd5/pyodbc-5.3.0-cp314-cp314t-manylinux2014_x86_64.manylinux_2_17_x86_64.manylinux_2_28_x86_64.whl", hash = "sha256:8339d3094858893c1a68ee1af93efc4dff18b8b65de54d99104b99af6306320d", size = 397291, upload-time = "2025-10-17T18:03:50.18Z" },
    { url = "https://files.pythonhosted.org/packages/03/2e/0610b1ed05a5625528d52f6cece9610e84617d35f475c89c2a52f66d13f7/pyodbc-5.3.0-cp314-cp314t-musllinux_1_2_aarch64.whl", hash = "sha256:74528fe148980d0c735c0ebb4a4dc74643ac4574337c43c1006ac4d09593f92d", size = 1353900, upload-time = "2025-10-17T18:03:51.339Z" },
    { url = "https://files.pythonhosted.org/packages/1d/f1/43497e1d37f9f71b43b2b3172e7b1bdf50851e278390c3fb6b46a3630c53/pyodbc-5.3.0-cp314-cp314t-musllinux_1_2_x86_64.whl", hash = "sha256:d89a7f2e24227150c13be8164774b7e1f9678321a4248f1356a465b9cc17d31e", size = 1406062, upload-time = "2025-10-17T18:03:52.546Z" },
    { url = "https://files.pythonhosted.org/packages/9e/8b/88a1277c2f7d9ab1cec0a71e074ba24fd4a1710a43974682546da90a1343/pyodbc-5.3.0-cp314-cp314t-win32.whl", hash = "sha256:af4d8c9842fc4a6360c31c35508d6594d5a3b39922f61b282c2b4c9d9da99514", size = 70132, upload-time = "2025-10-17T18:03:53.715Z" },
    { url = "https://files.pythonhosted.org/packages/ba/c7/ee98c62050de4aa8bafb6eb1e11b95e0b0c898bd5930137c6dc776e06a9b/pyodbc-5.3.0-cp314-cp314t-win_amd64.whl", hash = "sha256:bfeb3e34795d53b7d37e66dd54891d4f9c13a3889a8f5fe9640e56a82d770955", size = 79452, upload-time = "2025-10-17T18:03:54.664Z" },
    { url = "https://files.pythonhosted.org/packages/4b/8f/d8889efd96bbe8e5d43ff9701f6b1565a8e09c3e1f58c388d550724f777b/pyodbc-5.3.0-cp314-cp314t-win_arm64.whl", hash = "sha256:13656184faa3f2d5c6f19b701b8f247342ed581484f58bf39af7315c054e69db", size = 70142, upload-time = "2025-10-17T18:03:55.551Z" },
]

[[package]]
name = "python-dateutil"
version = "2.9.0.post0"
source = { registry = "https://pypi.org/simple" }
dependencies = [
    { name = "six" },
]
sdist = { url = "https://files.pythonhosted.org/packages/66/c0/0c8b6ad9f17a802ee498c46e004a0eb49bc148f2fd230864601a86dcf6db/python-dateutil-2.9.0.post0.tar.gz", hash = "sha256:37dd54208da7e1cd875388217d5e00ebd4179249f90fb72437e91a35459a0ad3", size = 342432, upload-time = "2024-03-01T18:36:20.211Z" }
wheels = [
    { url = "https://files.pythonhosted.org/packages/ec/57/56b9bcc3c9c6a792fcbaf139543cee77261f3651ca9da0c93f5c1221264b/python_dateutil-2.9.0.post0-py2.py3-none-any.whl", hash = "sha256:a8b2bc7bffae282281c8140a97d3aa9c14da0b136dfe83f850eea9a5f7470427", size = 229892, upload-time = "2024-03-01T18:36:18.57Z" },
]

[[package]]
name = "six"
version = "1.17.0"
source = { registry = "https://pypi.org/simple" }
sdist = { url = "https://files.pythonhosted.org/packages/94/e7/b2c673351809dca68a0e064b6af791aa332cf192da575fd474ed7d6f16a2/six-1.17.0.tar.gz", hash = "sha256:ff70335d468e7eb6ec65b95b99d3a2836546063f63acc5171de367e834932a81", size = 34031, upload-time = "2024-12-04T17:35:28.174Z" }
wheels = [
    { url = "https://files.pythonhosted.org/packages/b7/ce/149a00dd41f10bc29e5921b496af8b574d8413afcd5e30dfa0ed46c2cc5e/six-1.17.0-py2.py3-none-any.whl", hash = "sha256:4721f391ed90541fddacab5acf947aa0d3dc7d27b2e1e8eda2be8970586c3274", size = 11050, upload-time = "2024-12-04T17:35:26.475Z" },
]

[[package]]
name = "sqlparse"
version = "0.5.5"
source = { registry = "https://pypi.org/simple" }
sdist = { url = "https://files.pythonhosted.org/packages/90/76/437d71068094df0726366574cf3432a4ed754217b436eb7429415cf2d480/sqlparse-0.5.5.tar.gz", hash = "sha256:e20d4a9b0b8585fdf63b10d30066c7c94c5d7a7ec47c889a2d83a3caa93ff28e", size = 120815, upload-time = "2025-12-19T07:17:45.073Z" }
wheels = [
    { url = "https://files.pythonhosted.org/packages/49/4b/359f28a903c13438ef59ebeee215fb25da53066db67b305c125f1c6d2a25/sqlparse-0.5.5-py3-none-any.whl", hash = "sha256:12a08b3bf3eec877c519589833aed092e2444e68240a3577e8e26148acc7b1ba", size = 46138, upload-time = "2025-12-19T07:17:46.573Z" },
]

[[package]]
name = "tabulate"
version = "0.9.0"
source = { registry = "https://pypi.org/simple" }
sdist = { url = "https://files.pythonhosted.org/packages/ec/fe/802052aecb21e3797b8f7902564ab6ea0d60ff8ca23952079064155d1ae1/tabulate-0.9.0.tar.gz", hash = "sha256:0095b12bf5966de529c0feb1fa08671671b3368eec77d7ef7ab114be2c068b3c", size = 81090, upload-time = "2022-10-06T17:21:48.54Z" }
wheels = [
    { url = "https://files.pythonhosted.org/packages/40/44/4a5f08c96eb108af5cb50b41f76142f0afa346dfa99d5296fe7202a11854/tabulate-0.9.0-py3-none-any.whl", hash = "sha256:024ca478df22e9340661486f85298cff5f6dcdba14f3813e8830015b9ed1948f", size = 35252, upload-time = "2022-10-06T17:21:44.262Z" },
]

[package.optional-dependencies]
widechars = [
    { name = "wcwidth" },
]

[[package]]
name = "terminaltables"
version = "3.1.10"
source = { registry = "https://pypi.org/simple" }
sdist = { url = "https://files.pythonhosted.org/packages/f5/fc/0b73d782f5ab7feba8d007573a3773c58255f223c5940a7b7085f02153c3/terminaltables-3.1.10.tar.gz", hash = "sha256:ba6eca5cb5ba02bba4c9f4f985af80c54ec3dccf94cfcd190154386255e47543", size = 12264, upload-time = "2021-12-07T19:03:35.758Z" }
wheels = [
    { url = "https://files.pythonhosted.org/packages/c4/fb/ea621e0a19733e01fe4005d46087d383693c0f4a8f824b47d8d4122c87e0/terminaltables-3.1.10-py2.py3-none-any.whl", hash = "sha256:e4fdc4179c9e4aab5f674d80f09d76fa436b96fdc698a8505e0a36bf0804a874", size = 15155, upload-time = "2021-12-07T19:03:34.013Z" },
]

[[package]]
name = "tzdata"
version = "2025.3"
source = { registry = "https://pypi.org/simple" }
sdist = { url = "https://files.pythonhosted.org/packages/5e/a7/c202b344c5ca7daf398f3b8a477eeb205cf3b6f32e7ec3a6bac0629ca975/tzdata-2025.3.tar.gz", hash = "sha256:de39c2ca5dc7b0344f2eba86f49d614019d29f060fc4ebc8a417896a620b56a7", size = 196772, upload-time = "2025-12-13T17:45:35.667Z" }
wheels = [
    { url = "https://files.pythonhosted.org/packages/c7/b0/003792df09decd6849a5e39c28b513c06e84436a54440380862b5aeff25d/tzdata-2025.3-py2.py3-none-any.whl", hash = "sha256:06a47e5700f3081aab02b2e513160914ff0694bce9947d6b76ebd6bf57cfc5d1", size = 348521, upload-time = "2025-12-13T17:45:33.889Z" },
]

[[package]]
name = "wcwidth"
version = "0.2.14"
source = { registry = "https://pypi.org/simple" }
sdist = { url = "https://files.pythonhosted.org/packages/24/30/6b0809f4510673dc723187aeaf24c7f5459922d01e2f794277a3dfb90345/wcwidth-0.2.14.tar.gz", hash = "sha256:4d478375d31bc5395a3c55c40ccdf3354688364cd61c4f6adacaa9215d0b3605", size = 102293, upload-time = "2025-09-22T16:29:53.023Z" }
wheels = [
    { url = "https://files.pythonhosted.org/packages/af/b5/123f13c975e9f27ab9c0770f514345bd406d0e8d3b7a0723af9d43f710af/wcwidth-0.2.14-py2.py3-none-any.whl", hash = "sha256:a7bb560c8aee30f9957e5f9895805edd20602f2d7f720186dfd906e82b4982e1", size = 37286, upload-time = "2025-09-22T16:29:51.641Z" },
]
